
Microsoft Visual Studio Solution File, Format Version 12.00
# Visual Studio Version 16
VisualStudioVersion = 16.0.30413.136
MinimumVisualStudioVersion = 10.0.40219.1
Project("{FAE04EC0-301F-11D3-BF4B-00C04F79EFBC}") = "BattleShips", "BattleShips.csproj", "{98D55524-3B07-413C-8624-76311EFC9777}"
EndProject
Global
	GlobalSection(SolutionConfigurationPlatforms) = preSolution
		Debug|Any CPU = Debug|Any CPU
		Release|Any CPU = Release|Any CPU
	EndGlobalSection
	GlobalSection(ProjectConfigurationPlatforms) = postSolution
		{98D55524-3B07-413C-8624-76311EFC9777}.Debug|Any CPU.ActiveCfg = Debug|Any CPU
		{98D55524-3B07-413C-8624-76311EFC9777}.Debug|Any CPU.Build.0 = Debug|Any CPU
		{98D55524-3B07-413C-8624-76311EFC9777}.Release|Any CPU.ActiveCfg = Release|Any CPU
		{98D55524-3B07-413C-8624-76311EFC9777}.Release|Any CPU.Build.0 = Release|Any CPU
	EndGlobalSection
	GlobalSection(SolutionProperties) = preSolution
		HideSolutionNode = FALSE
	EndGlobalSection
	GlobalSection(ExtensibilityGlobals) = postSolution
		SolutionGuid = {E0492D26-CD84-44C6-920A-76FB06DCAE3A}
	EndGlobalSection
EndGlobal
